
Microsoft Visual Studio Solution File, Format Version 12.00
# Visual Studio Version 16
VisualStudioVersion = 16.0.31702.278
MinimumVisualStudioVersion = 10.0.40219.1
Project("{FAE04EC0-301F-11D3-BF4B-00C04F79EFBC}") = "EmguCVDemoJmalino", "EmguCVDemoJmalino.csproj", "{8D47CF03-E763-4A00-A8F2-06CD1DF8622E}"
EndProject
Global
	GlobalSection(SolutionConfigurationPlatforms) = preSolution
		Debug|Any CPU = Debug|Any CPU
		Release|Any CPU = Release|Any CPU
	EndGlobalSection
	GlobalSection(ProjectConfigurationPlatforms) = postSolution
		{8D47CF03-E763-4A00-A8F2-06CD1DF8622E}.Debug|Any CPU.ActiveCfg = Debug|Any CPU
		{8D47CF03-E763-4A00-A8F2-06CD1DF8622E}.Debug|Any CPU.Build.0 = Debug|Any CPU
		{8D47CF03-E763-4A00-A8F2-06CD1DF8622E}.Release|Any CPU.ActiveCfg = Release|Any CPU
		{8D47CF03-E763-4A00-A8F2-06CD1DF8622E}.Release|Any CPU.Build.0 = Release|Any CPU
	EndGlobalSection
	GlobalSection(SolutionProperties) = preSolution
		HideSolutionNode = FALSE
	EndGlobalSection
	GlobalSection(ExtensibilityGlobals) = postSolution
		SolutionGuid = {136936FB-3D58-431B-A992-25ABA82896FE}
	EndGlobalSection
EndGlobal
